
Microsoft Visual Studio Solution File, Format Version 12.00
# Visual Studio Version 17
VisualStudioVersion = 17.7.34024.191
MinimumVisualStudioVersion = 10.0.40219.1
Project("{9A19103F-16F7-4668-BE54-9A1E7A4F7556}") = "WebApplication5", "WebApplication5\WebApplication5.csproj", "{BC0358B9-EFAD-44FD-AD7F-0ADCDC1FB8C0}"
EndProject
Project("{FAE04EC0-301F-11D3-BF4B-00C04F79EFBC}") = "TestProject", "TestProject\TestProject.csproj", "{6B296231-6629-4174-B44D-AD33D45A479D}"
EndProject
Project("{E53339B2-1760-4266-BCC7-CA923CBCF16C}") = "docker-compose", "docker-compose.dcproj", "{D099E6AD-B9A7-40BF-BA88-C086D02AE1AE}"
EndProject
Global
	GlobalSection(SolutionConfigurationPlatforms) = preSolution
		Debug|Any CPU = Debug|Any CPU
		Release|Any CPU = Release|Any CPU
	EndGlobalSection
	GlobalSection(ProjectConfigurationPlatforms) = postSolution
		{BC0358B9-EFAD-44FD-AD7F-0ADCDC1FB8C0}.Debug|Any CPU.ActiveCfg = Debug|Any CPU
		{BC0358B9-EFAD-44FD-AD7F-0ADCDC1FB8C0}.Debug|Any CPU.Build.0 = Debug|Any CPU
		{BC0358B9-EFAD-44FD-AD7F-0ADCDC1FB8C0}.Release|Any CPU.ActiveCfg = Release|Any CPU
		{BC0358B9-EFAD-44FD-AD7F-0ADCDC1FB8C0}.Release|Any CPU.Build.0 = Release|Any CPU
		{6B296231-6629-4174-B44D-AD33D45A479D}.Debug|Any CPU.ActiveCfg = Debug|Any CPU
		{6B296231-6629-4174-B44D-AD33D45A479D}.Debug|Any CPU.Build.0 = Debug|Any CPU
		{6B296231-6629-4174-B44D-AD33D45A479D}.Release|Any CPU.ActiveCfg = Release|Any CPU
		{6B296231-6629-4174-B44D-AD33D45A479D}.Release|Any CPU.Build.0 = Release|Any CPU
		{D099E6AD-B9A7-40BF-BA88-C086D02AE1AE}.Debug|Any CPU.ActiveCfg = Debug|Any CPU
		{D099E6AD-B9A7-40BF-BA88-C086D02AE1AE}.Debug|Any CPU.Build.0 = Debug|Any CPU
		{D099E6AD-B9A7-40BF-BA88-C086D02AE1AE}.Release|Any CPU.ActiveCfg = Release|Any CPU
		{D099E6AD-B9A7-40BF-BA88-C086D02AE1AE}.Release|Any CPU.Build.0 = Release|Any CPU
	EndGlobalSection
	GlobalSection(SolutionProperties) = preSolution
		HideSolutionNode = FALSE
	EndGlobalSection
	GlobalSection(ExtensibilityGlobals) = postSolution
		SolutionGuid = {E105CE19-5EDA-41F7-AA21-55BC7F6D00F6}
	EndGlobalSection
EndGlobal
